
Microsoft Visual Studio Solution File, Format Version 12.00
# Visual Studio Version 17
VisualStudioVersion = 17.14.36623.8 d17.14
MinimumVisualStudioVersion = 10.0.40219.1
Project("{FAE04EC0-301F-11D3-BF4B-00C04F79EFBC}") = "ConsoleApp60", "ConsoleApp60\ConsoleApp60.csproj", "{BDBBAF41-2E63-4BAA-A911-DAFA399A4902}"
EndProject
Global
	GlobalSection(SolutionConfigurationPlatforms) = preSolution
		Debug|Any CPU = Debug|Any CPU
		Release|Any CPU = Release|Any CPU
	EndGlobalSection
	GlobalSection(ProjectConfigurationPlatforms) = postSolution
		{BDBBAF41-2E63-4BAA-A911-DAFA399A4902}.Debug|Any CPU.ActiveCfg = Debug|Any CPU
		{BDBBAF41-2E63-4BAA-A911-DAFA399A4902}.Debug|Any CPU.Build.0 = Debug|Any CPU
		{BDBBAF41-2E63-4BAA-A911-DAFA399A4902}.Release|Any CPU.ActiveCfg = Release|Any CPU
		{BDBBAF41-2E63-4BAA-A911-DAFA399A4902}.Release|Any CPU.Build.0 = Release|Any CPU
	EndGlobalSection
	GlobalSection(SolutionProperties) = preSolution
		HideSolutionNode = FALSE
	EndGlobalSection
	GlobalSection(ExtensibilityGlobals) = postSolution
		SolutionGuid = {A6B479E3-F0AF-4DA3-99AF-A6BF96C3F3E5}
	EndGlobalSection
EndGlobal
